
Microsoft Visual Studio Solution File, Format Version 12.00
# Visual Studio 2013
VisualStudioVersion = 12.0.31101.0
MinimumVisualStudioVersion = 10.0.40219.1
Project("{F2A71F9B-5D33-465A-A702-920D77279786}") = "WorldBankBot", "WorldBankBot\WorldBankBot.fsproj", "{3EF6BEF2-9D14-49EA-9B3A-6439B55C2285}"
EndProject
Project("{FAE04EC0-301F-11D3-BF4B-00C04F79EFBC}") = "WorldBankBotService", "WorldBankBotService\WorldBankBotService.csproj", "{C798F404-E11E-4EA3-A486-8900F6FC845F}"
EndProject
Global
	GlobalSection(SolutionConfigurationPlatforms) = preSolution
		Debug|Any CPU = Debug|Any CPU
		Release|Any CPU = Release|Any CPU
	EndGlobalSection
	GlobalSection(ProjectConfigurationPlatforms) = postSolution
		{3EF6BEF2-9D14-49EA-9B3A-6439B55C2285}.Debug|Any CPU.ActiveCfg = Debug|Any CPU
		{3EF6BEF2-9D14-49EA-9B3A-6439B55C2285}.Debug|Any CPU.Build.0 = Debug|Any CPU
		{3EF6BEF2-9D14-49EA-9B3A-6439B55C2285}.Release|Any CPU.ActiveCfg = Release|Any CPU
		{3EF6BEF2-9D14-49EA-9B3A-6439B55C2285}.Release|Any CPU.Build.0 = Release|Any CPU
		{C798F404-E11E-4EA3-A486-8900F6FC845F}.Debug|Any CPU.ActiveCfg = Debug|Any CPU
		{C798F404-E11E-4EA3-A486-8900F6FC845F}.Debug|Any CPU.Build.0 = Debug|Any CPU
		{C798F404-E11E-4EA3-A486-8900F6FC845F}.Release|Any CPU.ActiveCfg = Release|Any CPU
		{C798F404-E11E-4EA3-A486-8900F6FC845F}.Release|Any CPU.Build.0 = Release|Any CPU
	EndGlobalSection
	GlobalSection(SolutionProperties) = preSolution
		HideSolutionNode = FALSE
	EndGlobalSection
EndGlobal
